
Microsoft Visual Studio Solution File, Format Version 12.00
# Visual Studio Version 16
VisualStudioVersion = 16.0.30611.23
MinimumVisualStudioVersion = 10.0.40219.1
Project("{FAE04EC0-301F-11D3-BF4B-00C04F79EFBC}") = "TCPServer", "TCPServer.csproj", "{D9F6EE47-F78E-4B48-884B-66E016B93432}"
EndProject
Project("{FAE04EC0-301F-11D3-BF4B-00C04F79EFBC}") = "DatabaseLibrary", "..\DatabaseLibrary\DatabaseLibrary.csproj", "{4171B525-7BEB-4E54-B745-5FA6A810F530}"
EndProject
Project("{FAE04EC0-301F-11D3-BF4B-00C04F79EFBC}") = "ServerLibrary", "..\Server\ServerLibrary.csproj", "{4A88E9A5-0451-49BE-8F64-17C7170E09DF}"
EndProject
Project("{FAE04EC0-301F-11D3-BF4B-00C04F79EFBC}") = "MessageLibrary", "..\MessageLibrary\MessageLibrary.csproj", "{94C656D2-88A8-48E4-8C4A-DC6B74D38B41}"
EndProject
Project("{FAE04EC0-301F-11D3-BF4B-00C04F79EFBC}") = "Exceptions", "..\Exceptions\Exceptions.csproj", "{0F8540F7-3C94-4547-9044-5B38A94F9C7B}"
EndProject
Project("{FAE04EC0-301F-11D3-BF4B-00C04F79EFBC}") = "UnitTests", "..\UnitTests\UnitTests.csproj", "{DDABAB43-CE5C-49F4-AFB5-27B1A1972D6D}"
EndProject
Project("{FAE04EC0-301F-11D3-BF4B-00C04F79EFBC}") = "TCP Client", "..\TCP Client\TCP Client.csproj", "{14C55FEF-2AE6-452E-A268-57FC941558A2}"
EndProject
Project("{FAE04EC0-301F-11D3-BF4B-00C04F79EFBC}") = "Client", "..\Client\Client.csproj", "{E98F1462-03A6-4B9F-B63F-9C99A69E69D5}"
EndProject
Project("{FAE04EC0-301F-11D3-BF4B-00C04F79EFBC}") = "TcpServerGui", "..\TcpServerGui\TcpServerGui\TcpServerGui\TcpServerGui.csproj", "{3B04A537-BDFF-4236-98BC-DDBB0E6862BE}"
EndProject
Global
	GlobalSection(SolutionConfigurationPlatforms) = preSolution
		Debug|Any CPU = Debug|Any CPU
		Release|Any CPU = Release|Any CPU
	EndGlobalSection
	GlobalSection(ProjectConfigurationPlatforms) = postSolution
		{D9F6EE47-F78E-4B48-884B-66E016B93432}.Debug|Any CPU.ActiveCfg = Debug|Any CPU
		{D9F6EE47-F78E-4B48-884B-66E016B93432}.Debug|Any CPU.Build.0 = Debug|Any CPU
		{D9F6EE47-F78E-4B48-884B-66E016B93432}.Release|Any CPU.ActiveCfg = Release|Any CPU
		{D9F6EE47-F78E-4B48-884B-66E016B93432}.Release|Any CPU.Build.0 = Release|Any CPU
		{4171B525-7BEB-4E54-B745-5FA6A810F530}.Debug|Any CPU.ActiveCfg = Debug|Any CPU
		{4171B525-7BEB-4E54-B745-5FA6A810F530}.Debug|Any CPU.Build.0 = Debug|Any CPU
		{4171B525-7BEB-4E54-B745-5FA6A810F530}.Release|Any CPU.ActiveCfg = Release|Any CPU
		{4171B525-7BEB-4E54-B745-5FA6A810F530}.Release|Any CPU.Build.0 = Release|Any CPU
		{4A88E9A5-0451-49BE-8F64-17C7170E09DF}.Debug|Any CPU.ActiveCfg = Debug|Any CPU
		{4A88E9A5-0451-49BE-8F64-17C7170E09DF}.Debug|Any CPU.Build.0 = Debug|Any CPU
		{4A88E9A5-0451-49BE-8F64-17C7170E09DF}.Release|Any CPU.ActiveCfg = Release|Any CPU
		{4A88E9A5-0451-49BE-8F64-17C7170E09DF}.Release|Any CPU.Build.0 = Release|Any CPU
		{94C656D2-88A8-48E4-8C4A-DC6B74D38B41}.Debug|Any CPU.ActiveCfg = Debug|Any CPU
		{94C656D2-88A8-48E4-8C4A-DC6B74D38B41}.Debug|Any CPU.Build.0 = Debug|Any CPU
		{94C656D2-88A8-48E4-8C4A-DC6B74D38B41}.Release|Any CPU.ActiveCfg = Release|Any CPU
		{94C656D2-88A8-48E4-8C4A-DC6B74D38B41}.Release|Any CPU.Build.0 = Release|Any CPU
		{0F8540F7-3C94-4547-9044-5B38A94F9C7B}.Debug|Any CPU.ActiveCfg = Debug|Any CPU
		{0F8540F7-3C94-4547-9044-5B38A94F9C7B}.Debug|Any CPU.Build.0 = Debug|Any CPU
		{0F8540F7-3C94-4547-9044-5B38A94F9C7B}.Release|Any CPU.ActiveCfg = Release|Any CPU
		{0F8540F7-3C94-4547-9044-5B38A94F9C7B}.Release|Any CPU.Build.0 = Release|Any CPU
		{DDABAB43-CE5C-49F4-AFB5-27B1A1972D6D}.Debug|Any CPU.ActiveCfg = Debug|Any CPU
		{DDABAB43-CE5C-49F4-AFB5-27B1A1972D6D}.Debug|Any CPU.Build.0 = Debug|Any CPU
		{DDABAB43-CE5C-49F4-AFB5-27B1A1972D6D}.Release|Any CPU.ActiveCfg = Release|Any CPU
		{DDABAB43-CE5C-49F4-AFB5-27B1A1972D6D}.Release|Any CPU.Build.0 = Release|Any CPU
		{14C55FEF-2AE6-452E-A268-57FC941558A2}.Debug|Any CPU.ActiveCfg = Debug|Any CPU
		{14C55FEF-2AE6-452E-A268-57FC941558A2}.Debug|Any CPU.Build.0 = Debug|Any CPU
		{14C55FEF-2AE6-452E-A268-57FC941558A2}.Release|Any CPU.ActiveCfg = Release|Any CPU
		{14C55FEF-2AE6-452E-A268-57FC941558A2}.Release|Any CPU.Build.0 = Release|Any CPU
		{E98F1462-03A6-4B9F-B63F-9C99A69E69D5}.Debug|Any CPU.ActiveCfg = Debug|Any CPU
		{E98F1462-03A6-4B9F-B63F-9C99A69E69D5}.Debug|Any CPU.Build.0 = Debug|Any CPU
		{E98F1462-03A6-4B9F-B63F-9C99A69E69D5}.Release|Any CPU.ActiveCfg = Release|Any CPU
		{E98F1462-03A6-4B9F-B63F-9C99A69E69D5}.Release|Any CPU.Build.0 = Release|Any CPU
		{3B04A537-BDFF-4236-98BC-DDBB0E6862BE}.Debug|Any CPU.ActiveCfg = Debug|Any CPU
		{3B04A537-BDFF-4236-98BC-DDBB0E6862BE}.Debug|Any CPU.Build.0 = Debug|Any CPU
		{3B04A537-BDFF-4236-98BC-DDBB0E6862BE}.Release|Any CPU.ActiveCfg = Release|Any CPU
		{3B04A537-BDFF-4236-98BC-DDBB0E6862BE}.Release|Any CPU.Build.0 = Release|Any CPU
	EndGlobalSection
	GlobalSection(SolutionProperties) = preSolution
		HideSolutionNode = FALSE
	EndGlobalSection
	GlobalSection(ExtensibilityGlobals) = postSolution
		SolutionGuid = {12422BDB-D232-4D05-BD10-281D3DF7C7CD}
	EndGlobalSection
EndGlobal
