
Microsoft Visual Studio Solution File, Format Version 12.00
# Visual Studio Version 16
VisualStudioVersion = 16.0.30621.155
MinimumVisualStudioVersion = 10.0.40219.1
Project("{FAE04EC0-301F-11D3-BF4B-00C04F79EFBC}") = "TcpServerInterface", "TcpServerInterface.csproj", "{2873C24E-84FA-4AEF-BA7C-5874C5FFBC97}"
EndProject
Global
	GlobalSection(SolutionConfigurationPlatforms) = preSolution
		Debug|Any CPU = Debug|Any CPU
		Release|Any CPU = Release|Any CPU
	EndGlobalSection
	GlobalSection(ProjectConfigurationPlatforms) = postSolution
		{2873C24E-84FA-4AEF-BA7C-5874C5FFBC97}.Debug|Any CPU.ActiveCfg = Debug|Any CPU
		{2873C24E-84FA-4AEF-BA7C-5874C5FFBC97}.Debug|Any CPU.Build.0 = Debug|Any CPU
		{2873C24E-84FA-4AEF-BA7C-5874C5FFBC97}.Release|Any CPU.ActiveCfg = Release|Any CPU
		{2873C24E-84FA-4AEF-BA7C-5874C5FFBC97}.Release|Any CPU.Build.0 = Release|Any CPU
	EndGlobalSection
	GlobalSection(SolutionProperties) = preSolution
		HideSolutionNode = FALSE
	EndGlobalSection
	GlobalSection(ExtensibilityGlobals) = postSolution
		SolutionGuid = {41DC0803-ACBD-4120-815A-3744A6D62EBE}
	EndGlobalSection
EndGlobal
